
Microsoft Visual Studio Solution File, Format Version 12.00
# Visual Studio 15
VisualStudioVersion = 15.0.28307.705
MinimumVisualStudioVersion = 10.0.40219.1
Project("{FAE04EC0-301F-11D3-BF4B-00C04F79EFBC}") = "TitleUrlResponse1", "TitleUrlResponse1\TitleUrlResponse1.csproj", "{EDAD0459-F347-456E-8E5F-46CD1DA3220C}"
EndProject
Global
	GlobalSection(SolutionConfigurationPlatforms) = preSolution
		Debug|Any CPU = Debug|Any CPU
		Release|Any CPU = Release|Any CPU
	EndGlobalSection
	GlobalSection(ProjectConfigurationPlatforms) = postSolution
		{EDAD0459-F347-456E-8E5F-46CD1DA3220C}.Debug|Any CPU.ActiveCfg = Debug|Any CPU
		{EDAD0459-F347-456E-8E5F-46CD1DA3220C}.Debug|Any CPU.Build.0 = Debug|Any CPU
		{EDAD0459-F347-456E-8E5F-46CD1DA3220C}.Release|Any CPU.ActiveCfg = Release|Any CPU
		{EDAD0459-F347-456E-8E5F-46CD1DA3220C}.Release|Any CPU.Build.0 = Release|Any CPU
	EndGlobalSection
	GlobalSection(SolutionProperties) = preSolution
		HideSolutionNode = FALSE
	EndGlobalSection
	GlobalSection(ExtensibilityGlobals) = postSolution
		SolutionGuid = {FFF17F2C-369B-4B23-A771-45412D771EBC}
	EndGlobalSection
EndGlobal
